
Microsoft Visual Studio Solution File, Format Version 12.00
# Visual Studio Version 17
VisualStudioVersion = 17.8.34511.84
MinimumVisualStudioVersion = 10.0.40219.1
Project("{FAE04EC0-301F-11D3-BF4B-00C04F79EFBC}") = "AlienAffair", "AlienAffair.csproj", "{78F59CDA-F9C6-49A8-B1D7-BAA21CB01449}"
EndProject
Global
	GlobalSection(SolutionConfigurationPlatforms) = preSolution
		Debug|Any CPU = Debug|Any CPU
		Release|Any CPU = Release|Any CPU
	EndGlobalSection
	GlobalSection(ProjectConfigurationPlatforms) = postSolution
		{78F59CDA-F9C6-49A8-B1D7-BAA21CB01449}.Debug|Any CPU.ActiveCfg = Debug|Any CPU
		{78F59CDA-F9C6-49A8-B1D7-BAA21CB01449}.Debug|Any CPU.Build.0 = Debug|Any CPU
		{78F59CDA-F9C6-49A8-B1D7-BAA21CB01449}.Release|Any CPU.ActiveCfg = Release|Any CPU
		{78F59CDA-F9C6-49A8-B1D7-BAA21CB01449}.Release|Any CPU.Build.0 = Release|Any CPU
	EndGlobalSection
	GlobalSection(SolutionProperties) = preSolution
		HideSolutionNode = FALSE
	EndGlobalSection
	GlobalSection(ExtensibilityGlobals) = postSolution
		SolutionGuid = {3B7F7F11-0072-4FB4-8BE0-1A80053797DC}
	EndGlobalSection
EndGlobal
